
Microsoft Visual Studio Solution File, Format Version 12.00
# Visual Studio Version 17
VisualStudioVersion = 17.5.002.0
MinimumVisualStudioVersion = 10.0.40219.1
Project("{9A19103F-16F7-4668-BE54-9A1E7A4F7556}") = "UserService", "UserService\UserService.csproj", "{162329DF-7AF8-4881-B488-070115C7379B}"
EndProject
Project("{9A19103F-16F7-4668-BE54-9A1E7A4F7556}") = "PostService", "PostService\PostService.csproj", "{BA1321BD-B490-4189-9004-723A84C5E303}"
EndProject
Project("{FAE04EC0-301F-11D3-BF4B-00C04F79EFBC}") = "UserService.Tests", "UserService.Tests\UserService.Tests.csproj", "{888B3395-BF21-4ED3-88B6-9A8A225316E6}"
EndProject
Project("{FAE04EC0-301F-11D3-BF4B-00C04F79EFBC}") = "PostService.Tests", "PostService.Tests\PostService.Tests.csproj", "{C020FAD3-85E5-4D92-BFA9-B249792AAF80}"
EndProject
Global
	GlobalSection(SolutionConfigurationPlatforms) = preSolution
		Debug|Any CPU = Debug|Any CPU
		Release|Any CPU = Release|Any CPU
	EndGlobalSection
	GlobalSection(ProjectConfigurationPlatforms) = postSolution
		{162329DF-7AF8-4881-B488-070115C7379B}.Debug|Any CPU.ActiveCfg = Debug|Any CPU
		{162329DF-7AF8-4881-B488-070115C7379B}.Debug|Any CPU.Build.0 = Debug|Any CPU
		{162329DF-7AF8-4881-B488-070115C7379B}.Release|Any CPU.ActiveCfg = Release|Any CPU
		{162329DF-7AF8-4881-B488-070115C7379B}.Release|Any CPU.Build.0 = Release|Any CPU
		{BA1321BD-B490-4189-9004-723A84C5E303}.Debug|Any CPU.ActiveCfg = Debug|Any CPU
		{BA1321BD-B490-4189-9004-723A84C5E303}.Debug|Any CPU.Build.0 = Debug|Any CPU
		{BA1321BD-B490-4189-9004-723A84C5E303}.Release|Any CPU.ActiveCfg = Release|Any CPU
		{BA1321BD-B490-4189-9004-723A84C5E303}.Release|Any CPU.Build.0 = Release|Any CPU
		{B2DE771E-F729-4F75-96E2-BCF5AEE47353}.Debug|Any CPU.ActiveCfg = Debug|Any CPU
		{B2DE771E-F729-4F75-96E2-BCF5AEE47353}.Debug|Any CPU.Build.0 = Debug|Any CPU
		{B2DE771E-F729-4F75-96E2-BCF5AEE47353}.Release|Any CPU.ActiveCfg = Release|Any CPU
		{B2DE771E-F729-4F75-96E2-BCF5AEE47353}.Release|Any CPU.Build.0 = Release|Any CPU
		{888B3395-BF21-4ED3-88B6-9A8A225316E6}.Debug|Any CPU.ActiveCfg = Debug|Any CPU
		{888B3395-BF21-4ED3-88B6-9A8A225316E6}.Debug|Any CPU.Build.0 = Debug|Any CPU
		{888B3395-BF21-4ED3-88B6-9A8A225316E6}.Release|Any CPU.ActiveCfg = Release|Any CPU
		{888B3395-BF21-4ED3-88B6-9A8A225316E6}.Release|Any CPU.Build.0 = Release|Any CPU
		{C020FAD3-85E5-4D92-BFA9-B249792AAF80}.Debug|Any CPU.ActiveCfg = Debug|Any CPU
		{C020FAD3-85E5-4D92-BFA9-B249792AAF80}.Debug|Any CPU.Build.0 = Debug|Any CPU
		{C020FAD3-85E5-4D92-BFA9-B249792AAF80}.Release|Any CPU.ActiveCfg = Release|Any CPU
		{C020FAD3-85E5-4D92-BFA9-B249792AAF80}.Release|Any CPU.Build.0 = Release|Any CPU
	EndGlobalSection
	GlobalSection(SolutionProperties) = preSolution
		HideSolutionNode = FALSE
	EndGlobalSection
	GlobalSection(ExtensibilityGlobals) = postSolution
		SolutionGuid = {7435C30A-86A2-4118-86DB-4498E81205C9}
	EndGlobalSection
EndGlobal
